{
  "requires": true,
  "lockfileVersion": 1,
  "dependencies": {
    "hamburgers": {
      "version": "1.1.3",
      "resolved": "https://registry.npmjs.org/hamburgers/-/hamburgers-1.1.3.tgz",
      "integrity": "sha512-qpfnJwZq6ATAGJEriwuyfVNgT++GG+o+3bBfPYF7F3WY452cYKbaYGUuqwhp+3kHLI6CL4VIBfj8bfbp90Lp1A=="
    },
    "headroom.js": {
      "version": "0.11.0",
      "resolved": "https://registry.npmjs.org/headroom.js/-/headroom.js-0.11.0.tgz",
      "integrity": "sha512-yI4ciZRD1WH22wa5uJDg2kMtRvhJwUJWo2l41Eby0BoAD+lzXL98lf5jDFxP4Q5W3HmlrpfItSfmqc3jCtasbw=="
    }
  }
}
